
Microsoft Visual Studio Solution File, Format Version 12.00
# Visual Studio Version 17
VisualStudioVersion = 17.13.35931.197 d17.13
MinimumVisualStudioVersion = 10.0.40219.1
Project("{FAE04EC0-301F-11D3-BF4B-00C04F79EFBC}") = "HackKSU2025", "HackKSU2025.csproj", "{C9D88E6F-EDC0-49E1-94AF-F0EB3A84CECB}"
EndProject
Global
	GlobalSection(SolutionConfigurationPlatforms) = preSolution
		Debug|Any CPU = Debug|Any CPU
		Release|Any CPU = Release|Any CPU
	EndGlobalSection
	GlobalSection(ProjectConfigurationPlatforms) = postSolution
		{C9D88E6F-EDC0-49E1-94AF-F0EB3A84CECB}.Debug|Any CPU.ActiveCfg = Debug|Any CPU
		{C9D88E6F-EDC0-49E1-94AF-F0EB3A84CECB}.Debug|Any CPU.Build.0 = Debug|Any CPU
		{C9D88E6F-EDC0-49E1-94AF-F0EB3A84CECB}.Release|Any CPU.ActiveCfg = Release|Any CPU
		{C9D88E6F-EDC0-49E1-94AF-F0EB3A84CECB}.Release|Any CPU.Build.0 = Release|Any CPU
	EndGlobalSection
	GlobalSection(SolutionProperties) = preSolution
		HideSolutionNode = FALSE
	EndGlobalSection
	GlobalSection(ExtensibilityGlobals) = postSolution
		SolutionGuid = {778E240D-C117-4CA5-B80C-87FE6F6F5A3F}
	EndGlobalSection
EndGlobal
